github.com/pkg/errors v0.9.1 h1:FEBLx1zS214owpjy7qsBeixbURkuhQAwrK5UwLGTwt4=
github.com/pkg/errors v0.9.1/go.mod h1:bwawxfHBFNV+L2hUp1rHADufV3IMtnDRdf1r5NINEl0=
github.com/veandco/go-sdl2 v0.4.10 h1:8QoD2bhWl7SbQDflIAUYWfl9Vq+mT8/boJFAUzAScgY=
github.com/veandco/go-sdl2 v0.4.10/go.mod h1:OROqMhHD43nT4/i9crJukyVecjPNYYuCofep6SNiAjY=
